{
  "name": "gas-spreadsheet",
  "lockfileVersion": 2,
  "requires": true,
  "packages": {
    "": {
      "dependencies": {
        "@octokit/types": "^11.1.0",
        "@types/google-apps-script": "^1.0.64",
        "typescript": "^5.1.6"
      }
    },
    "node_modules/@octokit/openapi-types": {
      "version": "18.0.0",
      "resolved": "https://registry.npmjs.org/@octokit/openapi-types/-/openapi-types-18.0.0.tgz",
      "integrity": "sha512-V8GImKs3TeQRxRtXFpG2wl19V7444NIOTDF24AWuIbmNaNYOQMWRbjcGDXV5B+0n887fgDcuMNOmlul+k+oJtw=="
    },
    "node_modules/@octokit/types": {
      "version": "11.1.0",
      "resolved": "https://registry.npmjs.org/@octokit/types/-/types-11.1.0.tgz",
      "integrity": "sha512-Fz0+7GyLm/bHt8fwEqgvRBWwIV1S6wRRyq+V6exRKLVWaKGsuy6H9QFYeBVDV7rK6fO3XwHgQOPxv+cLj2zpXQ==",
      "dependencies": {
        "@octokit/openapi-types": "^18.0.0"
      }
    },
    "node_modules/@types/google-apps-script": {
      "version": "1.0.64",
      "resolved": "https://registry.npmjs.org/@types/google-apps-script/-/google-apps-script-1.0.64.tgz",
      "integrity": "sha512-oxDnuewCGSPhlcpSiSMH9W2HkK3lV3tF/jYYqY9jdo2sKsNjeL+mH5lJiWEnqoMK8s/Sz3gxrpdsCrAFvRjTKQ=="
    },
    "node_modules/typescript": {
      "version": "5.1.6",
      "resolved": "https://registry.npmjs.org/typescript/-/typescript-5.1.6.tgz",
      "integrity": "sha512-zaWCozRZ6DLEWAWFrVDz1H6FVXzUSfTy5FUMWsQlU8Ym5JP9eO4xkTIROFCQvhQf61z6O/G6ugw3SgAnvvm+HA==",
      "bin": {
        "tsc": "bin/tsc",
        "tsserver": "bin/tsserver"
      },
      "engines": {
        "node": ">=14.17"
      }
    }
  },
  "dependencies": {
    "@octokit/openapi-types": {
      "version": "18.0.0",
      "resolved": "https://registry.npmjs.org/@octokit/openapi-types/-/openapi-types-18.0.0.tgz",
      "integrity": "sha512-V8GImKs3TeQRxRtXFpG2wl19V7444NIOTDF24AWuIbmNaNYOQMWRbjcGDXV5B+0n887fgDcuMNOmlul+k+oJtw=="
    },
    "@octokit/types": {
      "version": "11.1.0",
      "resolved": "https://registry.npmjs.org/@octokit/types/-/types-11.1.0.tgz",
      "integrity": "sha512-Fz0+7GyLm/bHt8fwEqgvRBWwIV1S6wRRyq+V6exRKLVWaKGsuy6H9QFYeBVDV7rK6fO3XwHgQOPxv+cLj2zpXQ==",
      "requires": {
        "@octokit/openapi-types": "^18.0.0"
      }
    },
    "@types/google-apps-script": {
      "version": "1.0.64",
      "resolved": "https://registry.npmjs.org/@types/google-apps-script/-/google-apps-script-1.0.64.tgz",
      "integrity": "sha512-oxDnuewCGSPhlcpSiSMH9W2HkK3lV3tF/jYYqY9jdo2sKsNjeL+mH5lJiWEnqoMK8s/Sz3gxrpdsCrAFvRjTKQ=="
    },
    "typescript": {
      "version": "5.1.6",
      "resolved": "https://registry.npmjs.org/typescript/-/typescript-5.1.6.tgz",
      "integrity": "sha512-zaWCozRZ6DLEWAWFrVDz1H6FVXzUSfTy5FUMWsQlU8Ym5JP9eO4xkTIROFCQvhQf61z6O/G6ugw3SgAnvvm+HA=="
    }
  }
}
